
Microsoft Visual Studio Solution File, Format Version 12.00
# Visual Studio 15
VisualStudioVersion = 15.0.28307.1525
MinimumVisualStudioVersion = 10.0.40219.1
Project("{FAE04EC0-301F-11D3-BF4B-00C04F79EFBC}") = "Erpa_Denemee", "Erpa_Denemee\Erpa_Denemee.csproj", "{DBD765B4-5F6F-456E-A3EC-3E5216C01624}"
EndProject
Global
	GlobalSection(SolutionConfigurationPlatforms) = preSolution
		Debug|Any CPU = Debug|Any CPU
		Release|Any CPU = Release|Any CPU
	EndGlobalSection
	GlobalSection(ProjectConfigurationPlatforms) = postSolution
		{DBD765B4-5F6F-456E-A3EC-3E5216C01624}.Debug|Any CPU.ActiveCfg = Debug|Any CPU
		{DBD765B4-5F6F-456E-A3EC-3E5216C01624}.Debug|Any CPU.Build.0 = Debug|Any CPU
		{DBD765B4-5F6F-456E-A3EC-3E5216C01624}.Release|Any CPU.ActiveCfg = Release|Any CPU
		{DBD765B4-5F6F-456E-A3EC-3E5216C01624}.Release|Any CPU.Build.0 = Release|Any CPU
	EndGlobalSection
	GlobalSection(SolutionProperties) = preSolution
		HideSolutionNode = FALSE
	EndGlobalSection
	GlobalSection(ExtensibilityGlobals) = postSolution
		SolutionGuid = {0DB864FE-8FC0-493B-9230-729F00F28CA2}
	EndGlobalSection
EndGlobal
